
Microsoft Visual Studio Solution File, Format Version 12.00
# Visual Studio 2012
Project("{8BC9CEB8-8B4A-11D0-8D11-00A0C91BC942}") = "Process", "Process\Process.vcxproj", "{F1FC2011-B5F1-4E1D-BBD8-48CAB30E0373}"
EndProject
Global
	GlobalSection(SolutionConfigurationPlatforms) = preSolution
		Debug|Win32 = Debug|Win32
		Release|Win32 = Release|Win32
	EndGlobalSection
	GlobalSection(ProjectConfigurationPlatforms) = postSolution
		{F1FC2011-B5F1-4E1D-BBD8-48CAB30E0373}.Debug|Win32.ActiveCfg = Debug|Win32
		{F1FC2011-B5F1-4E1D-BBD8-48CAB30E0373}.Debug|Win32.Build.0 = Debug|Win32
		{F1FC2011-B5F1-4E1D-BBD8-48CAB30E0373}.Release|Win32.ActiveCfg = Release|Win32
		{F1FC2011-B5F1-4E1D-BBD8-48CAB30E0373}.Release|Win32.Build.0 = Release|Win32
	EndGlobalSection
	GlobalSection(SolutionProperties) = preSolution
		HideSolutionNode = FALSE
	EndGlobalSection
EndGlobal
