
Microsoft Visual Studio Solution File, Format Version 12.00
# Visual Studio 2012
Project("{8BC9CEB8-8B4A-11D0-8D11-00A0C91BC942}") = "Draw", "Draw\Draw.vcxproj", "{BA5C840D-BC84-4868-B478-0D720C330DE4}"
EndProject
Global
	GlobalSection(SolutionConfigurationPlatforms) = preSolution
		Debug|Win32 = Debug|Win32
		Release|Win32 = Release|Win32
	EndGlobalSection
	GlobalSection(ProjectConfigurationPlatforms) = postSolution
		{BA5C840D-BC84-4868-B478-0D720C330DE4}.Debug|Win32.ActiveCfg = Debug|Win32
		{BA5C840D-BC84-4868-B478-0D720C330DE4}.Debug|Win32.Build.0 = Debug|Win32
		{BA5C840D-BC84-4868-B478-0D720C330DE4}.Release|Win32.ActiveCfg = Release|Win32
		{BA5C840D-BC84-4868-B478-0D720C330DE4}.Release|Win32.Build.0 = Release|Win32
	EndGlobalSection
	GlobalSection(SolutionProperties) = preSolution
		HideSolutionNode = FALSE
	EndGlobalSection
EndGlobal
