<?xml version="1.0" encoding="utf-8"?>
<Project ToolsVersion="4.0" xmlns="http://schemas.microsoft.com/developer/msbuild/2003">
  <ItemGroup>
    <Filter Include="源文件">
      <UniqueIdentifier>{4FC737F1-C7A5-4376-A066-2A32D752A2FF}</UniqueIdentifier>
      <Extensions>cpp;c;cc;cxx;def;odl;idl;hpj;bat;asm;asmx</Extensions>
    </Filter>
    <Filter Include="头文件">
      <UniqueIdentifier>{93995380-89BD-4b04-88EB-625FBE52EBFB}</UniqueIdentifier>
      <Extensions>h;hpp;hxx;hm;inl;inc;xsd</Extensions>
    </Filter>
    <Filter Include="资源文件">
      <UniqueIdentifier>{67DA6AB6-F800-4c08-8B7A-83BB121AAD01}</UniqueIdentifier>
      <Extensions>rc;ico;cur;bmp;dlg;rc2;rct;bin;rgs;gif;jpg;jpeg;jpe;resx;tiff;tif;png;wav;mfcribbon-ms</Extensions>
    </Filter>
  </ItemGroup>
  <ItemGroup>
    <Text Include="ReadMe.txt" />
  </ItemGroup>
  <ItemGroup>
    <ClCompile Include="PluginSupport.cpp">
      <Filter>源文件</Filter>
    </ClCompile>
    <ClCompile Include="stdafx.cpp">
      <Filter>源文件</Filter>
    </ClCompile>
    <ClCompile Include="PluginImpl.cpp">
      <Filter>源文件</Filter>
    </ClCompile>
    <ClCompile Include="PluginLibrary.cpp">
      <Filter>源文件</Filter>
    </ClCompile>
    <ClCompile Include="PIToolBar.cpp">
      <Filter>源文件</Filter>
    </ClCompile>
    <ClCompile Include="PIDocManager.cpp">
      <Filter>源文件</Filter>
    </ClCompile>
    <ClCompile Include="PluginWrapper.cpp">
      <Filter>源文件</Filter>
    </ClCompile>
    <ClCompile Include="PIMultiDocTemplate.cpp">
      <Filter>源文件</Filter>
    </ClCompile>
    <ClCompile Include="PIMDIFrameWndEx.cpp">
      <Filter>源文件</Filter>
    </ClCompile>
    <ClCompile Include="PIView.cpp">
      <Filter>源文件</Filter>
    </ClCompile>
    <ClCompile Include="PIDocument.cpp">
      <Filter>源文件</Filter>
    </ClCompile>
    <ClCompile Include="PluginClass.cpp">
      <Filter>源文件</Filter>
    </ClCompile>
    <ClCompile Include="PIDockablePane.cpp">
      <Filter>源文件</Filter>
    </ClCompile>
    <ClCompile Include="PIMDIChildWndEx.cpp">
      <Filter>源文件</Filter>
    </ClCompile>
  </ItemGroup>
  <ItemGroup>
    <ClInclude Include="PluginSupport.h">
      <Filter>头文件</Filter>
    </ClInclude>
    <ClInclude Include="stdafx.h">
      <Filter>头文件</Filter>
    </ClInclude>
    <ClInclude Include="targetver.h">
      <Filter>头文件</Filter>
    </ClInclude>
    <ClInclude Include="Resource.h">
      <Filter>头文件</Filter>
    </ClInclude>
    <ClInclude Include="PluginImpl.h">
      <Filter>头文件</Filter>
    </ClInclude>
    <ClInclude Include="PluginLibrary.h">
      <Filter>头文件</Filter>
    </ClInclude>
    <ClInclude Include="PIToolBar.h">
      <Filter>头文件</Filter>
    </ClInclude>
    <ClInclude Include="PIDocManager.h">
      <Filter>头文件</Filter>
    </ClInclude>
    <ClInclude Include="PluginWrapper.h">
      <Filter>头文件</Filter>
    </ClInclude>
    <ClInclude Include="PIMultiDocTemplate.h">
      <Filter>头文件</Filter>
    </ClInclude>
    <ClInclude Include="PIMDIFrameWndEx.h">
      <Filter>头文件</Filter>
    </ClInclude>
    <ClInclude Include="PIView.h">
      <Filter>头文件</Filter>
    </ClInclude>
    <ClInclude Include="PluginDefine.h">
      <Filter>头文件</Filter>
    </ClInclude>
    <ClInclude Include="PIDocument.h">
      <Filter>头文件</Filter>
    </ClInclude>
    <ClInclude Include="PluginClass.h">
      <Filter>头文件</Filter>
    </ClInclude>
    <ClInclude Include="PIDockablePane.h">
      <Filter>头文件</Filter>
    </ClInclude>
    <ClInclude Include="PIMDIChildWndEx.h">
      <Filter>头文件</Filter>
    </ClInclude>
  </ItemGroup>
  <ItemGroup>
    <None Include="PluginSupport.def">
      <Filter>源文件</Filter>
    </None>
    <None Include="res\PluginSupport.rc2">
      <Filter>资源文件</Filter>
    </None>
  </ItemGroup>
  <ItemGroup>
    <ResourceCompile Include="PluginSupport.rc">
      <Filter>资源文件</Filter>
    </ResourceCompile>
  </ItemGroup>
</Project>